
Microsoft Visual Studio Solution File, Format Version 12.00
# Visual Studio Version 16
VisualStudioVersion = 16.0.31424.327
MinimumVisualStudioVersion = 10.0.40219.1
Project("{FAE04EC0-301F-11D3-BF4B-00C04F79EFBC}") = "CalculoMedia", "CalculoMedia\CalculoMedia.csproj", "{1E631117-8AFA-4564-A675-8AB3A89B2013}"
EndProject
Global
	GlobalSection(SolutionConfigurationPlatforms) = preSolution
		Debug|Any CPU = Debug|Any CPU
		Release|Any CPU = Release|Any CPU
	EndGlobalSection
	GlobalSection(ProjectConfigurationPlatforms) = postSolution
		{1E631117-8AFA-4564-A675-8AB3A89B2013}.Debug|Any CPU.ActiveCfg = Debug|Any CPU
		{1E631117-8AFA-4564-A675-8AB3A89B2013}.Debug|Any CPU.Build.0 = Debug|Any CPU
		{1E631117-8AFA-4564-A675-8AB3A89B2013}.Release|Any CPU.ActiveCfg = Release|Any CPU
		{1E631117-8AFA-4564-A675-8AB3A89B2013}.Release|Any CPU.Build.0 = Release|Any CPU
	EndGlobalSection
	GlobalSection(SolutionProperties) = preSolution
		HideSolutionNode = FALSE
	EndGlobalSection
	GlobalSection(ExtensibilityGlobals) = postSolution
		SolutionGuid = {40AF6719-6946-456A-8A8E-5369DEC3A7AF}
	EndGlobalSection
EndGlobal
